
Microsoft Visual Studio Solution File, Format Version 12.00
# Visual Studio 2012
Project("{FAE04EC0-301F-11D3-BF4B-00C04F79EFBC}") = "SendTracking", "SendTracking\SendTracking.csproj", "{210B2367-05B5-4B99-8335-AC84951C36DB}"
EndProject
Project("{FAE04EC0-301F-11D3-BF4B-00C04F79EFBC}") = "TestRun", "TestRun\TestRun.csproj", "{BC6CE904-C856-4E63-AF56-D74C4D062D78}"
EndProject
Project("{FAE04EC0-301F-11D3-BF4B-00C04F79EFBC}") = "DalTracking", "..\DalTracking\DalTracking\DalTracking.csproj", "{B5E84537-8625-42B5-896C-F4CD3FB78474}"
EndProject
Global
	GlobalSection(SolutionConfigurationPlatforms) = preSolution
		Debug|Any CPU = Debug|Any CPU
		Release|Any CPU = Release|Any CPU
	EndGlobalSection
	GlobalSection(ProjectConfigurationPlatforms) = postSolution
		{210B2367-05B5-4B99-8335-AC84951C36DB}.Debug|Any CPU.ActiveCfg = Debug|Any CPU
		{210B2367-05B5-4B99-8335-AC84951C36DB}.Debug|Any CPU.Build.0 = Debug|Any CPU
		{210B2367-05B5-4B99-8335-AC84951C36DB}.Release|Any CPU.ActiveCfg = Release|Any CPU
		{210B2367-05B5-4B99-8335-AC84951C36DB}.Release|Any CPU.Build.0 = Release|Any CPU
		{BC6CE904-C856-4E63-AF56-D74C4D062D78}.Debug|Any CPU.ActiveCfg = Debug|Any CPU
		{BC6CE904-C856-4E63-AF56-D74C4D062D78}.Debug|Any CPU.Build.0 = Debug|Any CPU
		{BC6CE904-C856-4E63-AF56-D74C4D062D78}.Release|Any CPU.ActiveCfg = Release|Any CPU
		{BC6CE904-C856-4E63-AF56-D74C4D062D78}.Release|Any CPU.Build.0 = Release|Any CPU
		{B5E84537-8625-42B5-896C-F4CD3FB78474}.Debug|Any CPU.ActiveCfg = Debug|Any CPU
		{B5E84537-8625-42B5-896C-F4CD3FB78474}.Debug|Any CPU.Build.0 = Debug|Any CPU
		{B5E84537-8625-42B5-896C-F4CD3FB78474}.Release|Any CPU.ActiveCfg = Release|Any CPU
		{B5E84537-8625-42B5-896C-F4CD3FB78474}.Release|Any CPU.Build.0 = Release|Any CPU
	EndGlobalSection
	GlobalSection(SolutionProperties) = preSolution
		HideSolutionNode = FALSE
	EndGlobalSection
EndGlobal
